Microsoft Visual Studio Solution File, Format Version 11.00
# Visual Studio 2010
Project("{FAE04EC0-301F-11D3-BF4B-00C04F79EFBC}") = "MVCxSchedulerDemos", "MVCxSchedulerDemos.csproj", "{55EAE705-CB0C-4DD4-8791-96C6BBC58B7A}"
	ProjectSection(ProjectDependencies) = postProject
		{B681C0F5-978D-45A0-A3B5-6D3860FD749D} = {B681C0F5-978D-45A0-A3B5-6D3860FD749D}
	EndProjectSection
EndProject
Project("{FAE04EC0-301F-11D3-BF4B-00C04F79EFBC}") = "Web.DemoData", "..\..\..\Components\CS\Web.DemoData\Web.DemoData.csproj", "{B681C0F5-978D-45A0-A3B5-6D3860FD749D}"
EndProject
Global
	GlobalSection(SolutionConfigurationPlatforms) = preSolution
		Debug|Any CPU = Debug|Any CPU
		Release|Any CPU = Release|Any CPU
	EndGlobalSection
	GlobalSection(ProjectDependencies) = postSolution
	EndGlobalSection
	GlobalSection(ProjectConfigurationPlatforms) = postSolution
		{55EAE705-CB0C-4DD4-8791-96C6BBC58B7A}.Debug|Any CPU.ActiveCfg = Debug|Any CPU
		{55EAE705-CB0C-4DD4-8791-96C6BBC58B7A}.Debug|Any CPU.Build.0 = Debug|Any CPU
		{55EAE705-CB0C-4DD4-8791-96C6BBC58B7A}.Release|Any CPU.ActiveCfg = Release|Any CPU
		{55EAE705-CB0C-4DD4-8791-96C6BBC58B7A}.Release|Any CPU.Build.0 = Release|Any CPU
	EndGlobalSection
	GlobalSection(SolutionProperties) = preSolution
		HideSolutionNode = FALSE
	EndGlobalSection
EndGlobal
