Microsoft Visual Studio Solution File, Format Version 11.00
# Visual Studio 2010
Project("{FAE04EC0-301F-11D3-BF4B-00C04F79EFBC}") = "MVCxCardViewDemos", "MVCxCardViewDemos.csproj", "{0BB1171A-3E02-4E3D-BD54-442B1CC597DC}"
	ProjectSection(ProjectDependencies) = postProject
		{B681C0F5-978D-45A0-A3B5-6D3860FD749D} = {B681C0F5-978D-45A0-A3B5-6D3860FD749D}
	EndProjectSection
EndProject
Project("{FAE04EC0-301F-11D3-BF4B-00C04F79EFBC}") = "Web.DemoData", "..\..\..\Components\CS\Web.DemoData\Web.DemoData.csproj", "{B681C0F5-978D-45A0-A3B5-6D3860FD749D}"
EndProject
Global
	GlobalSection(SolutionConfigurationPlatforms) = preSolution
		Debug|Any CPU = Debug|Any CPU
		Release|Any CPU = Release|Any CPU
	EndGlobalSection
	GlobalSection(ProjectDependencies) = postSolution
	EndGlobalSection
	GlobalSection(ProjectConfigurationPlatforms) = postSolution
		{0BB1171A-3E02-4E3D-BD54-442B1CC597DC}.Debug|Any CPU.ActiveCfg = Debug|Any CPU
		{0BB1171A-3E02-4E3D-BD54-442B1CC597DC}.Debug|Any CPU.Build.0 = Debug|Any CPU
		{0BB1171A-3E02-4E3D-BD54-442B1CC597DC}.Release|Any CPU.ActiveCfg = Release|Any CPU
		{0BB1171A-3E02-4E3D-BD54-442B1CC597DC}.Release|Any CPU.Build.0 = Release|Any CPU
	EndGlobalSection
	GlobalSection(SolutionProperties) = preSolution
		HideSolutionNode = FALSE
	EndGlobalSection
EndGlobal
